
Microsoft Visual Studio Solution File, Format Version 12.00
# Visual Studio Version 17
VisualStudioVersion = 17.13.35931.197 d17.13
MinimumVisualStudioVersion = 10.0.40219.1
Project("{FAE04EC0-301F-11D3-BF4B-00C04F79EFBC}") = "PongComponentGame", "PongComponentGame\PongComponentGame.csproj", "{38DDC7F0-D312-4D92-A88B-107DF678106D}"
EndProject
Global
	GlobalSection(SolutionConfigurationPlatforms) = preSolution
		Debug|Any CPU = Debug|Any CPU
		Release|Any CPU = Release|Any CPU
	EndGlobalSection
	GlobalSection(ProjectConfigurationPlatforms) = postSolution
		{38DDC7F0-D312-4D92-A88B-107DF678106D}.Debug|Any CPU.ActiveCfg = Debug|Any CPU
		{38DDC7F0-D312-4D92-A88B-107DF678106D}.Debug|Any CPU.Build.0 = Debug|Any CPU
		{38DDC7F0-D312-4D92-A88B-107DF678106D}.Release|Any CPU.ActiveCfg = Release|Any CPU
		{38DDC7F0-D312-4D92-A88B-107DF678106D}.Release|Any CPU.Build.0 = Release|Any CPU
	EndGlobalSection
	GlobalSection(SolutionProperties) = preSolution
		HideSolutionNode = FALSE
	EndGlobalSection
	GlobalSection(ExtensibilityGlobals) = postSolution
		SolutionGuid = {A84F64AC-5E8A-4E4B-A703-C35CCF7B5192}
	EndGlobalSection
EndGlobal
